
Microsoft Visual Studio Solution File, Format Version 12.00
# Visual Studio Version 17
VisualStudioVersion = 17.1.32328.378
MinimumVisualStudioVersion = 10.0.40219.1
Project("{FAE04EC0-301F-11D3-BF4B-00C04F79EFBC}") = "IntroToHangfire", "IntroToHangfire\IntroToHangfire.csproj", "{D98460D5-4CD7-4FAD-95BD-A9B79559A066}"
EndProject
Global
	GlobalSection(SolutionConfigurationPlatforms) = preSolution
		Debug|Any CPU = Debug|Any CPU
		Release|Any CPU = Release|Any CPU
	EndGlobalSection
	GlobalSection(ProjectConfigurationPlatforms) = postSolution
		{D98460D5-4CD7-4FAD-95BD-A9B79559A066}.Debug|Any CPU.ActiveCfg = Debug|Any CPU
		{D98460D5-4CD7-4FAD-95BD-A9B79559A066}.Debug|Any CPU.Build.0 = Debug|Any CPU
		{D98460D5-4CD7-4FAD-95BD-A9B79559A066}.Release|Any CPU.ActiveCfg = Release|Any CPU
		{D98460D5-4CD7-4FAD-95BD-A9B79559A066}.Release|Any CPU.Build.0 = Release|Any CPU
	EndGlobalSection
	GlobalSection(SolutionProperties) = preSolution
		HideSolutionNode = FALSE
	EndGlobalSection
	GlobalSection(ExtensibilityGlobals) = postSolution
		SolutionGuid = {D5DA2555-1B79-4201-9296-2A67BE9B2FAE}
	EndGlobalSection
EndGlobal
